schema: '2.0'
stages:
  concat_locations:
    cmd: poetry run python -m src.data.concat_csv
    deps:
    - path: data/interim/oh_opendata_datasets_csv
      hash: md5
      md5: 6d537567c0501810025c15bea24d0718.dir
      size: 5148063
      nfiles: 8
    - path: data/raw/opendata_datasets_csv
      hash: md5
      md5: b83deac90dd4c65ceb90065773ad75aa.dir
      size: 8018005
      nfiles: 14
    - path: src/data/concat_csv.py
      hash: md5
      md5: 947b4e842b8a605621407133ccf80293
      size: 2137
    - path: src/utils/utils.py
      hash: md5
      md5: efba7271fa0ac9c56ada701534619156
      size: 1755
    outs:
    - path: data/interim/locations.csv
      hash: md5
      md5: 027fa7989f5c418def8e2acb13055afb
      size: 7885178
  extract_stations:
    cmd: poetry run python -m src.data.extract_nested stations
    deps:
    - path: data/interim/locations.csv
      hash: md5
      md5: 027fa7989f5c418def8e2acb13055afb
      size: 7885178
    - path: src/data/extract_nested.py
      hash: md5
      md5: 040bab7c4dc6115f6b29206a80bc2948
      size: 5081
    - path: src/utils/utils.py
      hash: md5
      md5: efba7271fa0ac9c56ada701534619156
      size: 1755
    outs:
    - path: data/interim/stations.csv
      hash: md5
      md5: 6cf41414034a84a5fb64999fe0e988bc
      size: 6318518
  extract_ports:
    cmd: poetry run python -m src.data.extract_nested ports
    deps:
    - path: data/interim/stations.csv
      hash: md5
      md5: 6cf41414034a84a5fb64999fe0e988bc
      size: 6318518
    - path: src/data/extract_nested.py
      hash: md5
      md5: 040bab7c4dc6115f6b29206a80bc2948
      size: 5081
    - path: src/utils/utils.py
      hash: md5
      md5: efba7271fa0ac9c56ada701534619156
      size: 1755
    outs:
    - path: data/interim/ports.csv
      hash: md5
      md5: 05cf39a8dc527412b897fcd25777fe48
      size: 1608183
  build_timeseries:
    cmd: poetry run python -m src.data.build_features
    deps:
    - path: data/interim/locations.csv
      hash: md5
      md5: 027fa7989f5c418def8e2acb13055afb
      size: 7885178
    - path: data/interim/ports.csv
      hash: md5
      md5: 05cf39a8dc527412b897fcd25777fe48
      size: 1608183
    - path: data/interim/stations.csv
      hash: md5
      md5: 6cf41414034a84a5fb64999fe0e988bc
      size: 6318518
    - path: src/data/build_features.py
      hash: md5
      md5: e2262fb7524410b24c5db80ee47700da
      size: 9696
    - path: src/utils/utils.py
      hash: md5
      md5: efba7271fa0ac9c56ada701534619156
      size: 1755
    outs:
    - path: data/interim/features/stations_timeseries.csv
      hash: md5
      md5: 3328ae68f07332375f1e0cfa1a431217
      size: 2738986
  feature_encoding:
    cmd: poetry run python -m src.features.feature_encoding
    deps:
    - path: data/interim/features/stations_timeseries.csv
      hash: md5
      md5: 3328ae68f07332375f1e0cfa1a431217
      size: 2738986
    - path: src/features/feature_encoding.py
      hash: md5
      md5: cf2622fce6546f51e485f1ca23f6bd4a
      size: 1158
    - path: src/utils/utils.py
      hash: md5
      md5: efba7271fa0ac9c56ada701534619156
      size: 1755
    outs:
    - path: data/interim/features/stations_timeseries_encoded.csv
      hash: md5
      md5: d951bea88fc57b82e3e2c3194782fc6b
      size: 1155029
  feature_selection:
    cmd: poetry run python -m src.features.feature_selection
    deps:
    - path: data/interim/features/stations_timeseries_encoded.csv
      hash: md5
      md5: d951bea88fc57b82e3e2c3194782fc6b
      size: 1155029
    - path: src/features/feature_selection.py
      hash: md5
      md5: b31c883d630dd83a3a51e5d893247f6a
      size: 2124
    - path: src/utils/utils.py
      hash: md5
      md5: efba7271fa0ac9c56ada701534619156
      size: 1755
    outs:
    - path: data/interim/features/stations_timeseries_selected.csv
      hash: md5
      md5: 40cce72210647fae2a14ad98425b0713
      size: 754419
  feature_transform:
    cmd: poetry run python -m src.features.feature_transform
    deps:
    - path: data/interim/features/stations_timeseries_selected.csv
      hash: md5
      md5: 40cce72210647fae2a14ad98425b0713
      size: 754419
    - path: src/features/feature_transform.py
      hash: md5
      md5: fa126ad18b7667c1df8a77dc8352e67b
      size: 6123
    - path: src/utils/utils.py
      hash: md5
      md5: efba7271fa0ac9c56ada701534619156
      size: 1755
    outs:
    - path: data/processed
      hash: md5
      md5: 845d5aa7c57b28babbcfd4bc6a73d053.dir
      size: 321599976
      nfiles: 1
  train_models:
    cmd: poetry run python -m src.models.train_models
    deps:
    - path: data/processed
      hash: md5
      md5: 845d5aa7c57b28babbcfd4bc6a73d053.dir
      size: 321599976
      nfiles: 1
    - path: src/models/train_models.py
      hash: md5
      md5: 1e4807e7318786dab454b567ff1d2842
      size: 8769
    - path: src/utils/utils.py
      hash: md5
      md5: efba7271fa0ac9c56ada701534619156
      size: 1755
    outs:
    - path: models
      hash: md5
      md5: 450eb834670af9c70d463a1d5bc228e3.dir
      size: 822229
      nfiles: 6
  visualisation:
    cmd: "poetry run python -m src.visualisation.sparsity\npoetry run python -m src.visualisation.distributions
      timeseries\npoetry run python -m src.visualisation.dimensionality timeseries\n"
    deps:
    - path: data/interim/features/stations_timeseries_encoded.csv
      hash: md5
      md5: d951bea88fc57b82e3e2c3194782fc6b
      size: 1155029
    - path: data/interim/features/stations_timeseries_selected.csv
      hash: md5
      md5: 40cce72210647fae2a14ad98425b0713
      size: 754419
    - path: src/utils/__init__.py
      hash: md5
      md5: 42927d2425409cc1890770464e867e9d
      size: 580
    - path: src/utils/utils.py
      hash: md5
      md5: efba7271fa0ac9c56ada701534619156
      size: 1755
    - path: src/visualisation/dimensionality.py
      hash: md5
      md5: 733c7a0df78ea061abe3477a07d1a7bb
      size: 3855
    - path: src/visualisation/distributions.py
      hash: md5
      md5: b5304f4ad05d3cae00cb231f2fa92e0e
      size: 2953
    - path: src/visualisation/sparsity.py
      hash: md5
      md5: 8879d4843ca4b10269f81e384f6c2aa1
      size: 2740
    outs:
    - path: 
        reports/figures/dimensionality/interim/timeseries/stations_timeseries_encoded_missing_values.png
      hash: md5
      md5: 44f46650be518c5ef24ff6ce06699d84
      size: 268291
    - path: 
        reports/figures/dimensionality/interim/timeseries/stations_timeseries_encoded_records_variables.png
      hash: md5
      md5: 2145bfddaafb808477697bd6266d6a76
      size: 14791
    - path: 
        reports/figures/distributions/interim/stations_timeseries_selected/available_ports.png
      hash: md5
      md5: 6e1495e158f2cd38cbae376efb35024a
      size: 44220
    - path: 
        reports/figures/distributions/interim/stations_timeseries_selected/has_dc_fast.png
      hash: md5
      md5: 25305e315b0f15456479e00ba720e967
      size: 25007
    - path: 
        reports/figures/distributions/interim/stations_timeseries_selected/snapshot_ts.png
      hash: md5
      md5: f499776246c5ce6d2d9157560d1ec62e
      size: 48572
    - path: 
        reports/figures/distributions/interim/stations_timeseries_selected/total_ports.png
      hash: md5
      md5: 800df007ca4b52f44d5696ec57f16b56
      size: 36338
    - path: 
        reports/figures/distributions/interim/stations_timeseries_selected/unavailable_rate.png
      hash: md5
      md5: 4d0f5758f7bc96db2d3f749939637663
      size: 66556
    - path: reports/figures/sparsity/records_per_day.png
      hash: md5
      md5: 0b8c388f2a9b2b2231a459ffab961f4e
      size: 20872
    - path: reports/figures/sparsity/records_per_day_full.png
      hash: md5
      md5: 54dd7f688c67b270f34bcb2b3044875e
      size: 28274
